
Microsoft Visual Studio Solution File, Format Version 12.00
# Visual Studio Version 16
VisualStudioVersion = 16.0.30717.126
MinimumVisualStudioVersion = 10.0.40219.1
Project("{FAE04EC0-301F-11D3-BF4B-00C04F79EFBC}") = "Appegy.GitHub.UnityVersionAction", "Appegy.GitHub.UnityVersionAction\Appegy.GitHub.UnityVersionAction.csproj", "{90AFB216-821F-4AFF-874E-E904375E448F}"
EndProject
Project("{2150E333-8FDC-42A3-9474-1A3956D46DE8}") = "Files", "Files", "{5FD15D4E-6589-4869-B06F-3AC6B77E5D45}"
	ProjectSection(SolutionItems) = preProject
		.gitignore = .gitignore
		action.yml = action.yml
		LICENSE = LICENSE
		README.md = README.md
	EndProjectSection
EndProject
Project("{2150E333-8FDC-42A3-9474-1A3956D46DE8}") = "scripts", "scripts", "{F2EFB585-E109-4355-BD13-167E031F43E4}"
	ProjectSection(SolutionItems) = preProject
		scripts\build.ps1 = scripts\build.ps1
		scripts\index.js = scripts\index.js
		scripts\run-action.ps1 = scripts\run-action.ps1
	EndProjectSection
EndProject
Global
	GlobalSection(SolutionConfigurationPlatforms) = preSolution
		Debug|Any CPU = Debug|Any CPU
		Release|Any CPU = Release|Any CPU
	EndGlobalSection
	GlobalSection(ProjectConfigurationPlatforms) = postSolution
		{90AFB216-821F-4AFF-874E-E904375E448F}.Debug|Any CPU.ActiveCfg = Debug|Any CPU
		{90AFB216-821F-4AFF-874E-E904375E448F}.Debug|Any CPU.Build.0 = Debug|Any CPU
		{90AFB216-821F-4AFF-874E-E904375E448F}.Release|Any CPU.ActiveCfg = Release|Any CPU
		{90AFB216-821F-4AFF-874E-E904375E448F}.Release|Any CPU.Build.0 = Release|Any CPU
	EndGlobalSection
	GlobalSection(SolutionProperties) = preSolution
		HideSolutionNode = FALSE
	EndGlobalSection
	GlobalSection(ExtensibilityGlobals) = postSolution
		SolutionGuid = {ED4458AB-09BD-4D85-BF78-3B91EB317302}
	EndGlobalSection
	GlobalSection(NestedProjects) = preSolution
		{F2EFB585-E109-4355-BD13-167E031F43E4} = {5FD15D4E-6589-4869-B06F-3AC6B77E5D45}
	EndGlobalSection
EndGlobal
